
Microsoft Visual Studio Solution File, Format Version 12.00
# Visual Studio Version 17
VisualStudioVersion = 17.14.36705.20 d17.14
MinimumVisualStudioVersion = 10.0.40219.1
Project("{FAE04EC0-301F-11D3-BF4B-00C04F79EFBC}") = "glox", "glox\glox.csproj", "{EA4FAEB3-3F60-4386-8ED1-87B2D1FC8CBB}"
EndProject
Global
	GlobalSection(SolutionConfigurationPlatforms) = preSolution
		Debug|Any CPU = Debug|Any CPU
		Release|Any CPU = Release|Any CPU
	EndGlobalSection
	GlobalSection(ProjectConfigurationPlatforms) = postSolution
		{EA4FAEB3-3F60-4386-8ED1-87B2D1FC8CBB}.Debug|Any CPU.ActiveCfg = Debug|Any CPU
		{EA4FAEB3-3F60-4386-8ED1-87B2D1FC8CBB}.Debug|Any CPU.Build.0 = Debug|Any CPU
		{EA4FAEB3-3F60-4386-8ED1-87B2D1FC8CBB}.Release|Any CPU.ActiveCfg = Release|Any CPU
		{EA4FAEB3-3F60-4386-8ED1-87B2D1FC8CBB}.Release|Any CPU.Build.0 = Release|Any CPU
	EndGlobalSection
	GlobalSection(SolutionProperties) = preSolution
		HideSolutionNode = FALSE
	EndGlobalSection
	GlobalSection(ExtensibilityGlobals) = postSolution
		SolutionGuid = {4CF8523D-DEA2-458B-BF89-2984C34F14EB}
	EndGlobalSection
EndGlobal
